
Microsoft Visual Studio Solution File, Format Version 11.00
# Visual Studio 2010
Project("{F184B08F-C81C-45F6-A57F-5ABD9991F28F}") = "KNControls", "KNControls\KNControls.vbproj", "{A3C90624-59FC-4D3B-BC58-49F46F1E8417}"
EndProject
Project("{F184B08F-C81C-45F6-A57F-5ABD9991F28F}") = "KNControlsTestApp", "KNControlsTestApp\KNControlsTestApp.vbproj", "{F0F4F602-60D4-44F0-827C-4231E26F5E74}"
	ProjectSection(ProjectDependencies) = postProject
		{A3C90624-59FC-4D3B-BC58-49F46F1E8417} = {A3C90624-59FC-4D3B-BC58-49F46F1E8417}
	EndProjectSection
EndProject
Global
	GlobalSection(SolutionConfigurationPlatforms) = preSolution
		Debug|Any CPU = Debug|Any CPU
		Release|Any CPU = Release|Any CPU
	EndGlobalSection
	GlobalSection(ProjectConfigurationPlatforms) = postSolution
		{A3C90624-59FC-4D3B-BC58-49F46F1E8417}.Debug|Any CPU.ActiveCfg = Debug|Any CPU
		{A3C90624-59FC-4D3B-BC58-49F46F1E8417}.Debug|Any CPU.Build.0 = Debug|Any CPU
		{A3C90624-59FC-4D3B-BC58-49F46F1E8417}.Release|Any CPU.ActiveCfg = Release|Any CPU
		{A3C90624-59FC-4D3B-BC58-49F46F1E8417}.Release|Any CPU.Build.0 = Release|Any CPU
		{F0F4F602-60D4-44F0-827C-4231E26F5E74}.Debug|Any CPU.ActiveCfg = Debug|Any CPU
		{F0F4F602-60D4-44F0-827C-4231E26F5E74}.Debug|Any CPU.Build.0 = Debug|Any CPU
		{F0F4F602-60D4-44F0-827C-4231E26F5E74}.Release|Any CPU.ActiveCfg = Release|Any CPU
		{F0F4F602-60D4-44F0-827C-4231E26F5E74}.Release|Any CPU.Build.0 = Release|Any CPU
	EndGlobalSection
	GlobalSection(SolutionProperties) = preSolution
		HideSolutionNode = FALSE
	EndGlobalSection
EndGlobal
